
Microsoft Visual Studio Solution File, Format Version 12.00
# Visual Studio Version 17
VisualStudioVersion = 17.11.35327.3
MinimumVisualStudioVersion = 10.0.40219.1
Project("{FAE04EC0-301F-11D3-BF4B-00C04F79EFBC}") = "Ransomware", "Ransomware.csproj", "{B59BCEA1-925B-4FAF-960E-45E1FEE50BCF}"
EndProject
Global
	GlobalSection(SolutionConfigurationPlatforms) = preSolution
		Debug|Any CPU = Debug|Any CPU
		Release|Any CPU = Release|Any CPU
	EndGlobalSection
	GlobalSection(ProjectConfigurationPlatforms) = postSolution
		{B59BCEA1-925B-4FAF-960E-45E1FEE50BCF}.Debug|Any CPU.ActiveCfg = Debug|Any CPU
		{B59BCEA1-925B-4FAF-960E-45E1FEE50BCF}.Debug|Any CPU.Build.0 = Debug|Any CPU
		{B59BCEA1-925B-4FAF-960E-45E1FEE50BCF}.Release|Any CPU.ActiveCfg = Release|Any CPU
		{B59BCEA1-925B-4FAF-960E-45E1FEE50BCF}.Release|Any CPU.Build.0 = Release|Any CPU
	EndGlobalSection
	GlobalSection(SolutionProperties) = preSolution
		HideSolutionNode = FALSE
	EndGlobalSection
	GlobalSection(ExtensibilityGlobals) = postSolution
		SolutionGuid = {E50EB782-1B4F-4A93-A61B-1E0E97BEFBFC}
	EndGlobalSection
EndGlobal
